github.com/BurntSushi/toml v1.6.0 h1:dRaEfpa2VI55EwlIW72hMRHdWouJeRF7TPYhI+AUQjk=
github.com/BurntSushi/toml v1.6.0/go.mod h1:ukJfTF/6rtPPRCnwkur4qwRxa8vTRFBF0uk2lLoLwho=
github.com/tamnd/hako v0.2.0 h1:9yH+5ToGa3VBeId19FHx7Q+gop/2HOPnNw9hAPIeN2I=
github.com/tamnd/hako v0.2.0/go.mod h1:VTlRx1haePYVCnJ7Jti21f1txAYS4sBtS9imhCZNnQI=
github.com/tamnd/tomo v0.2.5-0.20260716102559-e07694d9b3ca h1:UnnEYNVmUhCW8k/LtichCRbJlJGMor0M/3nDVxDLgMc=
github.com/tamnd/tomo v0.2.5-0.20260716102559-e07694d9b3ca/go.mod h1:fVcOSC/2hK43eujC61Yfa3Oiq3veyrXEu5B1vALNVLw=
github.com/tamnd/tomo v0.2.5-0.20260716112051-a67e73c5c283 h1:TntFo65CqkHoTdLOvdHg+RqEz6KmfM5UPTr+mYYAzpQ=
github.com/tamnd/tomo v0.2.5-0.20260716112051-a67e73c5c283/go.mod h1:fVcOSC/2hK43eujC61Yfa3Oiq3veyrXEu5B1vALNVLw=
golang.org/x/net v0.56.0 h1:Rw8j/hFzGvJUZwNBXnAtf5sVDVt+65SK2C7IxCxZt5o=
golang.org/x/net v0.56.0/go.mod h1:D3Ku6r+V6JROoZK144D2XfMHFcMq/0zSfLelVTCFKec=
golang.org/x/sys v0.46.0 h1:noSf2Fq6F8DBgS+LysIkx7rIExoNHJsxOAtPp4rthXw=
golang.org/x/sys v0.46.0/go.mod h1:4GL1E5IUh+htKOUEOaiffhrAeqysfVGipDYzABqnCmw=
gopkg.in/check.v1 v0.0.0-20161208181325-20d25e280405 h1:yhCVgyC4o1eVCa2tZl7eS0r+SDo693bJlVdllGtEeKM=
gopkg.in/check.v1 v0.0.0-20161208181325-20d25e280405/go.mod h1:Co6ibVJAznAaIkqp8huTwlJQCZ016jof/cbN4VW5Yz0=
gopkg.in/yaml.v3 v3.0.1 h1:fxVm/GzAzEWqLHuvctI91KS9hhNmmWOoWu0XTYJS7CA=
gopkg.in/yaml.v3 v3.0.1/go.mod h1:K4uyk7z7BCEPqu6E+C64Yfv1cQ7kz7rIZviUmN+EgEM=
